github.com/essentialkaos/check v1.4.0 h1:kWdFxu9odCxUqo1NNFNJmguGrDHgwi3A8daXX1nkuKk=
github.com/essentialkaos/ek/v13 v13.6.0 h1:8qb5R/dl5LEov0OfQXBwq3MSbHJjHSY62IKZG4lfy9M=
github.com/essentialkaos/ek/v13 v13.6.0/go.mod h1:S5mCn90ernaPiLzwzV84XN5Sx+Qcdxed6mFPSq8EBDs=
github.com/kr/pretty v0.3.1 h1:flRD4NNwYAUpkphVc1HcthR4KEIFJ65n8Mw5qdRn3LE=
github.com/kr/text v0.2.0 h1:5Nx0Ya0ZqY2ygV366QzturHI13Jq95ApcVaJBhpS+AY=
github.com/rogpeppe/go-internal v1.13.1 h1:KvO1DLK/DRN07sQ1LQKScxyZJuNnedQ5/wKSR38lUII=
golang.org/x/sys v0.26.0 h1:KHjCJyddX0LoSTb3J+vWpupP9p0oznkqVk/IfjymZbo=
