github.com/essentialkaos/check v1.4.0 h1:kWdFxu9odCxUqo1NNFNJmguGrDHgwi3A8daXX1nkuKk=
github.com/essentialkaos/ek/v13 v13.2.1 h1:EPxxVSTo+AZW/8TKbR20W+M5n5/atsc5mGYYWr3hmLM=
github.com/essentialkaos/ek/v13 v13.2.1/go.mod h1:RVf1NpNyK04xkBJ3NTUD1wNLWemY9/naVD4iEVjU2fA=
github.com/kr/pretty v0.3.1 h1:flRD4NNwYAUpkphVc1HcthR4KEIFJ65n8Mw5qdRn3LE=
github.com/kr/text v0.2.0 h1:5Nx0Ya0ZqY2ygV366QzturHI13Jq95ApcVaJBhpS+AY=
github.com/rogpeppe/go-internal v1.11.0 h1:cWPaGQEPrBb5/AsnsZesgZZ9yb1OQ+GOISoDNXVBh4M=
golang.org/x/sys v0.22.0 h1:RI27ohtqKCnwULzJLqkv897zojh5/DwS/ENaMzUOaWI=
